{
  "version": 4,
  "terraform_version": "1.12.2",
  "serial": 3,
  "lineage": "28c4b1c4-7c35-8779-1da3-78bba2e7ef17",
  "outputs": {},
  "resources": [
    {
      "mode": "managed",
      "type": "local_file",
      "name": "git_script",
      "provider": "provider[\"registry.terraform.io/hashicorp/local\"]",
      "instances": [
        {
          "schema_version": 0,
          "attributes": {
            "content": "#!/bin/bash\ngit config --global --add safe.directory ./..\ncd ./..\ngit init\ngit add .\ngit commit -m \"Initial Terraform-based commit\"\n",
            "content_base64": null,
            "content_base64sha256": "AysIBNFJtPA9AhgP3u1zzk8WzRP9h3vdWITqGqOhYYE=",
            "content_base64sha512": "oNzSMzHVLe7GUkwIE0BpwuxE7uVhJ1ZcBI/4qBuvQcI48oZO+sMVIXx5JQHmwu9S0RUc2Y9zo/AEHAx5/xo7vg==",
            "content_md5": "10ce5a7150102c0818c026b163752168",
            "content_sha1": "072d031ace7027e71aeee95785fb69a429e7a92c",
            "content_sha256": "032b0804d149b4f03d02180fdeed73ce4f16cd13fd877bdd5884ea1aa3a16181",
            "content_sha512": "a0dcd23331d52deec6524c08134069c2ec44eee56127565c048ff8a81baf41c238f2864efac315217c792501e6c2ef52d1151cd98f73a3f0041c0c79ff1a3bbe",
            "directory_permission": "0777",
            "file_permission": "0755",
            "filename": "./initialize_repo.sh",
            "id": "072d031ace7027e71aeee95785fb69a429e7a92c",
            "sensitive_content": null,
            "source": null
          },
          "sensitive_attributes": [
            [
              {
                "type": "get_attr",
                "value": "sensitive_content"
              }
            ]
          ],
          "identity_schema_version": 0
        }
      ]
    },
    {
      "mode": "managed",
      "type": "null_resource",
      "name": "run_git_script",
      "provider": "provider[\"registry.terraform.io/hashicorp/null\"]",
      "instances": [
        {
          "schema_version": 0,
          "attributes": {
            "id": "8450914182655483529",
            "triggers": null
          },
          "sensitive_attributes": [],
          "identity_schema_version": 0,
          "dependencies": [
            "local_file.git_script"
          ]
        }
      ]
    }
  ],
  "check_results": null
}
